// !$*UTF8*$!
{
	archiveVersion = 1;
	classes = {
	};
	objectVersion = 46;
	objects = {

/* Begin PBXBuildFile section */
		203645111883B7FD00DD29E6 /* Foundation.framework in Frameworks */ = {isa = PBXBuildFile; fileRef = 203645101883B7FD00DD29E6 /* Foundation.framework */; };
		203645131883B7FD00DD29E6 /* CoreGraphics.framework in Frameworks */ = {isa = PBXBuildFile; fileRef = 203645121883B7FD00DD29E6 /* CoreGraphics.framework */; };
		203645151883B7FD00DD29E6 /* UIKit.framework in Frameworks */ = {isa = PBXBuildFile; fileRef = 203645141883B7FD00DD29E6 /* UIKit.framework */; };
		2036451B1883B7FD00DD29E6 /* InfoPlist.strings in Resources */ = {isa = PBXBuildFile; fileRef = 203645191883B7FD00DD29E6 /* InfoPlist.strings */; };
		2036451D1883B7FD00DD29E6 /* main.m in Sources */ = {isa = PBXBuildFile; fileRef = 2036451C1883B7FD00DD29E6 /* main.m */; };
		203645211883B7FD00DD29E6 /* AppDelegate.m in Sources */ = {isa = PBXBuildFile; fileRef = 203645201883B7FD00DD29E6 /* AppDelegate.m */; };
		203645241883B7FD00DD29E6 /* Main.storyboard in Resources */ = {isa = PBXBuildFile; fileRef = 203645221883B7FD00DD29E6 /* Main.storyboard */; };
		203645271883B7FD00DD29E6 /* ViewController.m in Sources */ = {isa = PBXBuildFile; fileRef = 203645261883B7FD00DD29E6 /* ViewController.m */; };
		203645291883B7FD00DD29E6 /* Images.xcassets in Resources */ = {isa = PBXBuildFile; fileRef = 203645281883B7FD00DD29E6 /* Images.xcassets */; };
		203645301883B7FD00DD29E6 /* XCTest.framework in Frameworks */ = {isa = PBXBuildFile; fileRef = 2036452F1883B7FD00DD29E6 /* XCTest.framework */; };
		203645311883B7FD00DD29E6 /* Foundation.framework in Frameworks */ = {isa = PBXBuildFile; fileRef = 203645101883B7FD00DD29E6 /* Foundation.framework */; };
		203645321883B7FD00DD29E6 /* UIKit.framework in Frameworks */ = {isa = PBXBuildFile; fileRef = 203645141883B7FD00DD29E6 /* UIKit.framework */; };
		2036453A1883B7FD00DD29E6 /* InfoPlist.strings in Resources */ = {isa = PBXBuildFile; fileRef = 203645381883B7FD00DD29E6 /* InfoPlist.strings */; };
		2036453C1883B7FD00DD29E6 /* TempConvTests.m in Sources */ = {isa = PBXBuildFile; fileRef = 2036453B1883B7FD00DD29E6 /* TempConvTests.m */; };
/* End PBXBuildFile section */

/* Begin PBXContainerItemProxy section */
		203645331883B7FD00DD29E6 /* PBXContainerItemProxy */ = {
			isa = PBXContainerItemProxy;
			containerPortal = 203645051883B7FD00DD29E6 /* Project object */;
			proxyType = 1;
			remoteGlobalIDString = 2036450C1883B7FD00DD29E6;
			remoteInfo = TempConv;
		};
/* End PBXContainerItemProxy section */

/* Begin PBXFileReference section */
		2036450D1883B7FD00DD29E6 /* TempConv.app */ = {isa = PBXFileReference; explicitFileType = wrapper.application; includeInIndex = 0; path = TempConv.app; sourceTree = BUILT_PRODUCTS_DIR; };
		203645101883B7FD00DD29E6 /* Foundation.framework */ = {isa = PBXFileReference; lastKnownFileType = wrapper.framework; name = Foundation.framework; path = System/Library/Frameworks/Foundation.framework; sourceTree = SDKROOT; };
		203645121883B7FD00DD29E6 /* CoreGraphics.framework */ = {isa = PBXFileReference; lastKnownFileType = wrapper.framework; name = CoreGraphics.framework; path = System/Library/Frameworks/CoreGraphics.framework; sourceTree = SDKROOT; };
		203645141883B7FD00DD29E6 /* UIKit.framework */ = {isa = PBXFileReference; lastKnownFileType = wrapper.framework; name = UIKit.framework; path = System/Library/Frameworks/UIKit.framework; sourceTree = SDKROOT; };
		203645181883B7FD00DD29E6 /* TempConv-Info.plist */ = {isa = PBXFileReference; lastKnownFileType = text.plist.xml; path = "TempConv-Info.plist"; sourceTree = "<group>"; };
		2036451A1883B7FD00DD29E6 /* en */ = {isa = PBXFileReference; lastKnownFileType = text.plist.strings; name = en; path = en.lproj/InfoPlist.strings; sourceTree = "<group>"; };
		2036451C1883B7FD00DD29E6 /* main.m */ = {isa = PBXFileReference; lastKnownFileType = sourcecode.c.objc; path = main.m; sourceTree = "<group>"; };
		2036451E1883B7FD00DD29E6 /* TempConv-Prefix.pch */ = {isa = PBXFileReference; lastKnownFileType = sourcecode.c.h; path = "TempConv-Prefix.pch"; sourceTree = "<group>"; };
		2036451F1883B7FD00DD29E6 /* AppDelegate.h */ = {isa = PBXFileReference; lastKnownFileType = sourcecode.c.h; path = AppDelegate.h; sourceTree = "<group>"; };
		203645201883B7FD00DD29E6 /* AppDelegate.m */ = {isa = PBXFileReference; lastKnownFileType = sourcecode.c.objc; path = AppDelegate.m; sourceTree = "<group>"; };
		203645231883B7FD00DD29E6 /* Base */ = {isa = PBXFileReference; lastKnownFileType = file.storyboard; name = Base; path = Base.lproj/Main.storyboard; sourceTree = "<group>"; };
		203645251883B7FD00DD29E6 /* ViewController.h */ = {isa = PBXFileReference; lastKnownFileType = sourcecode.c.h; path = ViewController.h; sourceTree = "<group>"; };
		203645261883B7FD00DD29E6 /* ViewController.m */ = {isa = PBXFileReference; lastKnownFileType = sourcecode.c.objc; path = ViewController.m; sourceTree = "<group>"; };
		203645281883B7FD00DD29E6 /* Images.xcassets */ = {isa = PBXFileReference; lastKnownFileType = folder.assetcatalog; path = Images.xcassets; sourceTree = "<group>"; };
		2036452E1883B7FD00DD29E6 /* TempConvTests.xctest */ = {isa = PBXFileReference; explicitFileType = wrapper.cfbundle; includeInIndex = 0; path = TempConvTests.xctest; sourceTree = BUILT_PRODUCTS_DIR; };
		2036452F1883B7FD00DD29E6 /* XCTest.framework */ = {isa = PBXFileReference; lastKnownFileType = wrapper.framework; name = XCTest.framework; path = Library/Frameworks/XCTest.framework; sourceTree = DEVELOPER_DIR; };
		203645371883B7FD00DD29E6 /* TempConvTests-Info.plist */ = {isa = PBXFileReference; lastKnownFileType = text.plist.xml; path = "TempConvTests-Info.plist"; sourceTree = "<group>"; };
		203645391883B7FD00DD29E6 /* en */ = {isa = PBXFileReference; lastKnownFileType = text.plist.strings; name = en; path = en.lproj/InfoPlist.strings; sourceTree = "<group>"; };
		2036453B1883B7FD00DD29E6 /* TempConvTests.m */ = {isa = PBXFileReference; lastKnownFileType = sourcecode.c.objc; path = TempConvTests.m; sourceTree = "<group>"; };
/* End PBXFileReference section */

/* Begin PBXFrameworksBuildPhase section */
		2036450A1883B7FD00DD29E6 /* Frameworks */ = {
			isa = PBXFrameworksBuildPhase;
			buildActionMask = 2147483647;
			files = (
				203645131883B7FD00DD29E6 /* CoreGraphics.framework in Frameworks */,
				203645151883B7FD00DD29E6 /* UIKit.framework in Frameworks */,
				203645111883B7FD00DD29E6 /* Foundation.framework in Frameworks */,
			);
			runOnlyForDeploymentPostprocessing = 0;
		};
		2036452B1883B7FD00DD29E6 /* Frameworks */ = {
			isa = PBXFrameworksBuildPhase;
			buildActionMask = 2147483647;
			files = (
				203645301883B7FD00DD29E6 /* XCTest.framework in Frameworks */,
				203645321883B7FD00DD29E6 /* UIKit.framework in Frameworks */,
				203645311883B7FD00DD29E6 /* Foundation.framework in Frameworks */,
			);
			runOnlyForDeploymentPostprocessing = 0;
		};
/* End PBXFrameworksBuildPhase section */

/* Begin PBXGroup section */
		203645041883B7FD00DD29E6 = {
			isa = PBXGroup;
			children = (
				203645161883B7FD00DD29E6 /* TempConv */,
				203645351883B7FD00DD29E6 /* TempConvTests */,
				2036450F1883B7FD00DD29E6 /* Frameworks */,
				2036450E1883B7FD00DD29E6 /* Products */,
			);
			sourceTree = "<group>";
		};
		2036450E1883B7FD00DD29E6 /* Products */ = {
			isa = PBXGroup;
			children = (
				2036450D1883B7FD00DD29E6 /* TempConv.app */,
				2036452E1883B7FD00DD29E6 /* TempConvTests.xctest */,
			);
			name = Products;
			sourceTree = "<group>";
		};
		2036450F1883B7FD00DD29E6 /* Frameworks */ = {
			isa = PBXGroup;
			children = (
				203645101883B7FD00DD29E6 /* Foundation.framework */,
				203645121883B7FD00DD29E6 /* CoreGraphics.framework */,
				203645141883B7FD00DD29E6 /* UIKit.framework */,
				2036452F1883B7FD00DD29E6 /* XCTest.framework */,
			);
			name = Frameworks;
			sourceTree = "<group>";
		};
		203645161883B7FD00DD29E6 /* TempConv */ = {
			isa = PBXGroup;
			children = (
				2036451F1883B7FD00DD29E6 /* AppDelegate.h */,
				203645201883B7FD00DD29E6 /* AppDelegate.m */,
				203645221883B7FD00DD29E6 /* Main.storyboard */,
				203645251883B7FD00DD29E6 /* ViewController.h */,
				203645261883B7FD00DD29E6 /* ViewController.m */,
				203645281883B7FD00DD29E6 /* Images.xcassets */,
				203645171883B7FD00DD29E6 /* Supporting Files */,
			);
			path = TempConv;
			sourceTree = "<group>";
		};
		203645171883B7FD00DD29E6 /* Supporting Files */ = {
			isa = PBXGroup;
			children = (
				203645181883B7FD00DD29E6 /* TempConv-Info.plist */,
				203645191883B7FD00DD29E6 /* InfoPlist.strings */,
				2036451C1883B7FD00DD29E6 /* main.m */,
				2036451E1883B7FD00DD29E6 /* TempConv-Prefix.pch */,
			);
			name = "Supporting Files";
			sourceTree = "<group>";
		};
		203645351883B7FD00DD29E6 /* TempConvTests */ = {
			isa = PBXGroup;
			children = (
				2036453B1883B7FD00DD29E6 /* TempConvTests.m */,
				203645361883B7FD00DD29E6 /* Supporting Files */,
			);
			path = TempConvTests;
			sourceTree = "<group>";
		};
		203645361883B7FD00DD29E6 /* Supporting Files */ = {
			isa = PBXGroup;
			children = (
				203645371883B7FD00DD29E6 /* TempConvTests-Info.plist */,
				203645381883B7FD00DD29E6 /* InfoPlist.strings */,
			);
			name = "Supporting Files";
			sourceTree = "<group>";
		};
/* End PBXGroup section */

/* Begin PBXNativeTarget section */
		2036450C1883B7FD00DD29E6 /* TempConv */ = {
			isa = PBXNativeTarget;
			buildConfigurationList = 2036453F1883B7FD00DD29E6 /* Build configuration list for PBXNativeTarget "TempConv" */;
			buildPhases = (
				203645091883B7FD00DD29E6 /* Sources */,
				2036450A1883B7FD00DD29E6 /* Frameworks */,
				2036450B1883B7FD00DD29E6 /* Resources */,
			);
			buildRules = (
			);
			dependencies = (
			);
			name = TempConv;
			productName = TempConv;
			productReference = 2036450D1883B7FD00DD29E6 /* TempConv.app */;
			productType = "com.apple.product-type.application";
		};
		2036452D1883B7FD00DD29E6 /* TempConvTests */ = {
			isa = PBXNativeTarget;
			buildConfigurationList = 203645421883B7FD00DD29E6 /* Build configuration list for PBXNativeTarget "TempConvTests" */;
			buildPhases = (
				2036452A1883B7FD00DD29E6 /* Sources */,
				2036452B1883B7FD00DD29E6 /* Frameworks */,
				2036452C1883B7FD00DD29E6 /* Resources */,
			);
			buildRules = (
			);
			dependencies = (
				203645341883B7FD00DD29E6 /* PBXTargetDependency */,
			);
			name = TempConvTests;
			productName = TempConvTests;
			productReference = 2036452E1883B7FD00DD29E6 /* TempConvTests.xctest */;
			productType = "com.apple.product-type.bundle.unit-test";
		};
/* End PBXNativeTarget section */

/* Begin PBXProject section */
		203645051883B7FD00DD29E6 /* Project object */ = {
			isa = PBXProject;
			attributes = {
				LastUpgradeCheck = 0500;
				ORGANIZATIONNAME = "Tao Xia";
				TargetAttributes = {
					2036452D1883B7FD00DD29E6 = {
						TestTargetID = 2036450C1883B7FD00DD29E6;
					};
				};
			};
			buildConfigurationList = 203645081883B7FD00DD29E6 /* Build configuration list for PBXProject "TempConv" */;
			compatibilityVersion = "Xcode 3.2";
			developmentRegion = English;
			hasScannedForEncodings = 0;
			knownRegions = (
				en,
				Base,
			);
			mainGroup = 203645041883B7FD00DD29E6;
			productRefGroup = 2036450E1883B7FD00DD29E6 /* Products */;
			projectDirPath = "";
			projectRoot = "";
			targets = (
				2036450C1883B7FD00DD29E6 /* TempConv */,
				2036452D1883B7FD00DD29E6 /* TempConvTests */,
			);
		};
/* End PBXProject section */

/* Begin PBXResourcesBuildPhase section */
		2036450B1883B7FD00DD29E6 /* Resources */ = {
			isa = PBXResourcesBuildPhase;
			buildActionMask = 2147483647;
			files = (
				203645291883B7FD00DD29E6 /* Images.xcassets in Resources */,
				2036451B1883B7FD00DD29E6 /* InfoPlist.strings in Resources */,
				203645241883B7FD00DD29E6 /* Main.storyboard in Resources */,
			);
			runOnlyForDeploymentPostprocessing = 0;
		};
		2036452C1883B7FD00DD29E6 /* Resources */ = {
			isa = PBXResourcesBuildPhase;
			buildActionMask = 2147483647;
			files = (
				2036453A1883B7FD00DD29E6 /* InfoPlist.strings in Resources */,
			);
			runOnlyForDeploymentPostprocessing = 0;
		};
/* End PBXResourcesBuildPhase section */

/* Begin PBXSourcesBuildPhase section */
		203645091883B7FD00DD29E6 /* Sources */ = {
			isa = PBXSourcesBuildPhase;
			buildActionMask = 2147483647;
			files = (
				203645271883B7FD00DD29E6 /* ViewController.m in Sources */,
				203645211883B7FD00DD29E6 /* AppDelegate.m in Sources */,
				2036451D1883B7FD00DD29E6 /* main.m in Sources */,
			);
			runOnlyForDeploymentPostprocessing = 0;
		};
		2036452A1883B7FD00DD29E6 /* Sources */ = {
			isa = PBXSourcesBuildPhase;
			buildActionMask = 2147483647;
			files = (
				2036453C1883B7FD00DD29E6 /* TempConvTests.m in Sources */,
			);
			runOnlyForDeploymentPostprocessing = 0;
		};
/* End PBXSourcesBuildPhase section */

/* Begin PBXTargetDependency section */
		203645341883B7FD00DD29E6 /* PBXTargetDependency */ = {
			isa = PBXTargetDependency;
			target = 2036450C1883B7FD00DD29E6 /* TempConv */;
			targetProxy = 203645331883B7FD00DD29E6 /* PBXContainerItemProxy */;
		};
/* End PBXTargetDependency section */

/* Begin PBXVariantGroup section */
		203645191883B7FD00DD29E6 /* InfoPlist.strings */ = {
			isa = PBXVariantGroup;
			children = (
				2036451A1883B7FD00DD29E6 /* en */,
			);
			name = InfoPlist.strings;
			sourceTree = "<group>";
		};
		203645221883B7FD00DD29E6 /* Main.storyboard */ = {
			isa = PBXVariantGroup;
			children = (
				203645231883B7FD00DD29E6 /* Base */,
			);
			name = Main.storyboard;
			sourceTree = "<group>";
		};
		203645381883B7FD00DD29E6 /* InfoPlist.strings */ = {
			isa = PBXVariantGroup;
			children = (
				203645391883B7FD00DD29E6 /* en */,
			);
			name = InfoPlist.strings;
			sourceTree = "<group>";
		};
/* End PBXVariantGroup section */

/* Begin XCBuildConfiguration section */
		2036453D1883B7FD00DD29E6 /* Debug */ = {
			isa = XCBuildConfiguration;
			buildSettings = {
				ALWAYS_SEARCH_USER_PATHS = NO;
				ARCHS = "$(ARCHS_STANDARD_INCLUDING_64_BIT)";
				CLANG_CXX_LANGUAGE_STANDARD = "gnu++0x";
				CLANG_CXX_LIBRARY = "libc++";
				CLANG_ENABLE_MODULES = YES;
				CLANG_ENABLE_OBJC_ARC = YES;
				CLANG_WARN_BOOL_CONVERSION = YES;
				CLANG_WARN_CONSTANT_CONVERSION = YES;
				CLANG_WARN_DIRECT_OBJC_ISA_USAGE = YES_ERROR;
				CLANG_WARN_EMPTY_BODY = YES;
				CLANG_WARN_ENUM_CONVERSION = YES;
				CLANG_WARN_INT_CONVERSION = YES;
				CLANG_WARN_OBJC_ROOT_CLASS = YES_ERROR;
				CLANG_WARN__DUPLICATE_METHOD_MATCH = YES;
				"CODE_SIGN_IDENTITY[sdk=iphoneos*]" = "iPhone Developer";
				COPY_PHASE_STRIP = NO;
				GCC_C_LANGUAGE_STANDARD = gnu99;
				GCC_DYNAMIC_NO_PIC = NO;
				GCC_OPTIMIZATION_LEVEL = 0;
				GCC_PREPROCESSOR_DEFINITIONS = (
					"DEBUG=1",
					"$(inherited)",
				);
				GCC_SYMBOLS_PRIVATE_EXTERN = NO;
				GCC_WARN_64_TO_32_BIT_CONVERSION = YES;
				GCC_WARN_ABOUT_RETURN_TYPE = YES_ERROR;
				GCC_WARN_UNDECLARED_SELECTOR = YES;
				GCC_WARN_UNINITIALIZED_AUTOS = YES;
				GCC_WARN_UNUSED_FUNCTION = YES;
				GCC_WARN_UNUSED_VARIABLE = YES;
				IPHONEOS_DEPLOYMENT_TARGET = 7.0;
				ONLY_ACTIVE_ARCH = YES;
				SDKROOT = iphoneos;
			};
			name = Debug;
		};
		2036453E1883B7FD00DD29E6 /* Release */ = {
			isa = XCBuildConfiguration;
			buildSettings = {
				ALWAYS_SEARCH_USER_PATHS = NO;
				ARCHS = "$(ARCHS_STANDARD_INCLUDING_64_BIT)";
				CLANG_CXX_LANGUAGE_STANDARD = "gnu++0x";
				CLANG_CXX_LIBRARY = "libc++";
				CLANG_ENABLE_MODULES = YES;
				CLANG_ENABLE_OBJC_ARC = YES;
				CLANG_WARN_BOOL_CONVERSION = YES;
				CLANG_WARN_CONSTANT_CONVERSION = YES;
				CLANG_WARN_DIRECT_OBJC_ISA_USAGE = YES_ERROR;
				CLANG_WARN_EMPTY_BODY = YES;
				CLANG_WARN_ENUM_CONVERSION = YES;
				CLANG_WARN_INT_CONVERSION = YES;
				CLANG_WARN_OBJC_ROOT_CLASS = YES_ERROR;
				CLANG_WARN__DUPLICATE_METHOD_MATCH = YES;
				"CODE_SIGN_IDENTITY[sdk=iphoneos*]" = "iPhone Developer";
				COPY_PHASE_STRIP = YES;
				ENABLE_NS_ASSERTIONS = NO;
				GCC_C_LANGUAGE_STANDARD = gnu99;
				GCC_WARN_64_TO_32_BIT_CONVERSION = YES;
				GCC_WARN_ABOUT_RETURN_TYPE = YES_ERROR;
				GCC_WARN_UNDECLARED_SELECTOR = YES;
				GCC_WARN_UNINITIALIZED_AUTOS = YES;
				GCC_WARN_UNUSED_FUNCTION = YES;
				GCC_WARN_UNUSED_VARIABLE = YES;
				IPHONEOS_DEPLOYMENT_TARGET = 7.0;
				SDKROOT = iphoneos;
				VALIDATE_PRODUCT = YES;
			};
			name = Release;
		};
		203645401883B7FD00DD29E6 /* Debug */ = {
			isa = XCBuildConfiguration;
			buildSettings = {
				ASSETCATALOG_COMPILER_APPICON_NAME = AppIcon;
				ASSETCATALOG_COMPILER_LAUNCHIMAGE_NAME = LaunchImage;
				GCC_PRECOMPILE_PREFIX_HEADER = YES;
				GCC_PREFIX_HEADER = "TempConv/TempConv-Prefix.pch";
				INFOPLIST_FILE = "TempConv/TempConv-Info.plist";
				PRODUCT_NAME = "$(TARGET_NAME)";
				WRAPPER_EXTENSION = app;
			};
			name = Debug;
		};
		203645411883B7FD00DD29E6 /* Release */ = {
			isa = XCBuildConfiguration;
			buildSettings = {
				ASSETCATALOG_COMPILER_APPICON_NAME = AppIcon;
				ASSETCATALOG_COMPILER_LAUNCHIMAGE_NAME = LaunchImage;
				GCC_PRECOMPILE_PREFIX_HEADER = YES;
				GCC_PREFIX_HEADER = "TempConv/TempConv-Prefix.pch";
				INFOPLIST_FILE = "TempConv/TempConv-Info.plist";
				PRODUCT_NAME = "$(TARGET_NAME)";
				WRAPPER_EXTENSION = app;
			};
			name = Release;
		};
		203645431883B7FD00DD29E6 /* Debug */ = {
			isa = XCBuildConfiguration;
			buildSettings = {
				ARCHS = "$(ARCHS_STANDARD_INCLUDING_64_BIT)";
				BUNDLE_LOADER = "$(BUILT_PRODUCTS_DIR)/TempConv.app/TempConv";
				FRAMEWORK_SEARCH_PATHS = (
					"$(SDKROOT)/Developer/Library/Frameworks",
					"$(inherited)",
					"$(DEVELOPER_FRAMEWORKS_DIR)",
				);
				GCC_PRECOMPILE_PREFIX_HEADER = YES;
				GCC_PREFIX_HEADER = "TempConv/TempConv-Prefix.pch";
				GCC_PREPROCESSOR_DEFINITIONS = (
					"DEBUG=1",
					"$(inherited)",
				);
				INFOPLIST_FILE = "TempConvTests/TempConvTests-Info.plist";
				PRODUCT_NAME = "$(TARGET_NAME)";
				TEST_HOST = "$(BUNDLE_LOADER)";
				WRAPPER_EXTENSION = xctest;
			};
			name = Debug;
		};
		203645441883B7FD00DD29E6 /* Release */ = {
			isa = XCBuildConfiguration;
			buildSettings = {
				ARCHS = "$(ARCHS_STANDARD_INCLUDING_64_BIT)";
				BUNDLE_LOADER = "$(BUILT_PRODUCTS_DIR)/TempConv.app/TempConv";
				FRAMEWORK_SEARCH_PATHS = (
					"$(SDKROOT)/Developer/Library/Frameworks",
					"$(inherited)",
					"$(DEVELOPER_FRAMEWORKS_DIR)",
				);
				GCC_PRECOMPILE_PREFIX_HEADER = YES;
				GCC_PREFIX_HEADER = "TempConv/TempConv-Prefix.pch";
				INFOPLIST_FILE = "TempConvTests/TempConvTests-Info.plist";
				PRODUCT_NAME = "$(TARGET_NAME)";
				TEST_HOST = "$(BUNDLE_LOADER)";
				WRAPPER_EXTENSION = xctest;
			};
			name = Release;
		};
/* End XCBuildConfiguration section */

/* Begin XCConfigurationList section */
		203645081883B7FD00DD29E6 /* Build configuration list for PBXProject "TempConv" */ = {
			isa = XCConfigurationList;
			buildConfigurations = (
				2036453D1883B7FD00DD29E6 /* Debug */,
				2036453E1883B7FD00DD29E6 /* Release */,
			);
			defaultConfigurationIsVisible = 0;
			defaultConfigurationName = Release;
		};
		2036453F1883B7FD00DD29E6 /* Build configuration list for PBXNativeTarget "TempConv" */ = {
			isa = XCConfigurationList;
			buildConfigurations = (
				203645401883B7FD00DD29E6 /* Debug */,
				203645411883B7FD00DD29E6 /* Release */,
			);
			defaultConfigurationIsVisible = 0;
		};
		203645421883B7FD00DD29E6 /* Build configuration list for PBXNativeTarget "TempConvTests" */ = {
			isa = XCConfigurationList;
			buildConfigurations = (
				203645431883B7FD00DD29E6 /* Debug */,
				203645441883B7FD00DD29E6 /* Release */,
			);
			defaultConfigurationIsVisible = 0;
		};
/* End XCConfigurationList section */
	};
	rootObject = 203645051883B7FD00DD29E6 /* Project object */;
}
